// !$*UTF8*$!
{
	archiveVersion = 1;
	classes = {
	};
	objectVersion = 50;
	objects = {

/* Begin PBXBuildFile section */
		8B1933902790ACCE0071C00C /* MemoryTest.swift in Sources */ = {isa = PBXBuildFile; fileRef = 8B19338F2790ACCE0071C00C /* MemoryTest.swift */; };
		8B6DB27426D97D5A00E06EE9 /* AppDelegate.swift in Sources */ = {isa = PBXBuildFile; fileRef = 8B6DB27326D97D5A00E06EE9 /* AppDelegate.swift */; };
		8B6DB27826D97D5A00E06EE9 /* ViewController.swift in Sources */ = {isa = PBXBuildFile; fileRef = 8B6DB27726D97D5A00E06EE9 /* ViewController.swift */; };
		8B6DB27B26D97D5A00E06EE9 /* Main.storyboard in Resources */ = {isa = PBXBuildFile; fileRef = 8B6DB27926D97D5A00E06EE9 /* Main.storyboard */; };
		8B6DB27D26D97D5F00E06EE9 /* Assets.xcassets in Resources */ = {isa = PBXBuildFile; fileRef = 8B6DB27C26D97D5F00E06EE9 /* Assets.xcassets */; };
		8B6DB28026D97D5F00E06EE9 /* LaunchScreen.storyboard in Resources */ = {isa = PBXBuildFile; fileRef = 8B6DB27E26D97D5F00E06EE9 /* LaunchScreen.storyboard */; };
		8B6DB28926D97DFC00E06EE9 /* IndicatorView.swift in Sources */ = {isa = PBXBuildFile; fileRef = 8B6DB28726D97DFC00E06EE9 /* IndicatorView.swift */; };
		8B6DB28A26D97DFC00E06EE9 /* IndicatorView.xib in Resources */ = {isa = PBXBuildFile; fileRef = 8B6DB28826D97DFC00E06EE9 /* IndicatorView.xib */; };
		8B6DB28D26DA5AFA00E06EE9 /* Message.xib in Resources */ = {isa = PBXBuildFile; fileRef = 8B6DB28C26DA5AFA00E06EE9 /* Message.xib */; };
		8B6DB28F26DA5DF400E06EE9 /* MessageView.swift in Sources */ = {isa = PBXBuildFile; fileRef = 8B6DB28E26DA5DF400E06EE9 /* MessageView.swift */; };
/* End PBXBuildFile section */

/* Begin PBXFileReference section */
		8B19338F2790ACCE0071C00C /* MemoryTest.swift */ = {isa = PBXFileReference; lastKnownFileType = sourcecode.swift; path = MemoryTest.swift; sourceTree = "<group>"; };
		8B6DB27026D97D5A00E06EE9 /* Indicator&Message.app */ = {isa = PBXFileReference; explicitFileType = wrapper.application; includeInIndex = 0; path = "Indicator&Message.app"; sourceTree = BUILT_PRODUCTS_DIR; };
		8B6DB27326D97D5A00E06EE9 /* AppDelegate.swift */ = {isa = PBXFileReference; lastKnownFileType = sourcecode.swift; path = AppDelegate.swift; sourceTree = "<group>"; };
		8B6DB27726D97D5A00E06EE9 /* ViewController.swift */ = {isa = PBXFileReference; lastKnownFileType = sourcecode.swift; path = ViewController.swift; sourceTree = "<group>"; };
		8B6DB27A26D97D5A00E06EE9 /* Base */ = {isa = PBXFileReference; lastKnownFileType = file.storyboard; name = Base; path = Base.lproj/Main.storyboard; sourceTree = "<group>"; };
		8B6DB27C26D97D5F00E06EE9 /* Assets.xcassets */ = {isa = PBXFileReference; lastKnownFileType = folder.assetcatalog; path = Assets.xcassets; sourceTree = "<group>"; };
		8B6DB27F26D97D5F00E06EE9 /* Base */ = {isa = PBXFileReference; lastKnownFileType = file.storyboard; name = Base; path = Base.lproj/LaunchScreen.storyboard; sourceTree = "<group>"; };
		8B6DB28126D97D5F00E06EE9 /* Info.plist */ = {isa = PBXFileReference; lastKnownFileType = text.plist.xml; path = Info.plist; sourceTree = "<group>"; };
		8B6DB28726D97DFC00E06EE9 /* IndicatorView.swift */ = {isa = PBXFileReference; fileEncoding = 4; lastKnownFileType = sourcecode.swift; path = IndicatorView.swift; sourceTree = "<group>"; };
		8B6DB28826D97DFC00E06EE9 /* IndicatorView.xib */ = {isa = PBXFileReference; fileEncoding = 4; lastKnownFileType = file.xib; path = IndicatorView.xib; sourceTree = "<group>"; };
		8B6DB28C26DA5AFA00E06EE9 /* Message.xib */ = {isa = PBXFileReference; lastKnownFileType = file.xib; path = Message.xib; sourceTree = "<group>"; };
		8B6DB28E26DA5DF400E06EE9 /* MessageView.swift */ = {isa = PBXFileReference; lastKnownFileType = sourcecode.swift; path = MessageView.swift; sourceTree = "<group>"; };
/* End PBXFileReference section */

/* Begin PBXFrameworksBuildPhase section */
		8B6DB26D26D97D5A00E06EE9 /* Frameworks */ = {
			isa = PBXFrameworksBuildPhase;
			buildActionMask = 2147483647;
			files = (
			);
			runOnlyForDeploymentPostprocessing = 0;
		};
/* End PBXFrameworksBuildPhase section */

/* Begin PBXGroup section */
		8B6DB26726D97D5A00E06EE9 = {
			isa = PBXGroup;
			children = (
				8B6DB27226D97D5A00E06EE9 /* Indicator&Message */,
				8B6DB27126D97D5A00E06EE9 /* Products */,
			);
			sourceTree = "<group>";
		};
		8B6DB27126D97D5A00E06EE9 /* Products */ = {
			isa = PBXGroup;
			children = (
				8B6DB27026D97D5A00E06EE9 /* Indicator&Message.app */,
			);
			name = Products;
			sourceTree = "<group>";
		};
		8B6DB27226D97D5A00E06EE9 /* Indicator&Message */ = {
			isa = PBXGroup;
			children = (
				8B6DB27326D97D5A00E06EE9 /* AppDelegate.swift */,
				8BD69CCB26DA8C24008C5376 /* modul */,
				8B6DB28B26DA5AA900E06EE9 /* controller */,
				8BD69CCC26DA8C5D008C5376 /* view */,
				8B6DB27C26D97D5F00E06EE9 /* Assets.xcassets */,
				8B6DB27E26D97D5F00E06EE9 /* LaunchScreen.storyboard */,
				8B6DB28126D97D5F00E06EE9 /* Info.plist */,
			);
			path = "Indicator&Message";
			sourceTree = "<group>";
		};
		8B6DB28B26DA5AA900E06EE9 /* controller */ = {
			isa = PBXGroup;
			children = (
				8B6DB27726D97D5A00E06EE9 /* ViewController.swift */,
			);
			path = controller;
			sourceTree = "<group>";
		};
		8BD69CCB26DA8C24008C5376 /* modul */ = {
			isa = PBXGroup;
			children = (
				8B6DB28726D97DFC00E06EE9 /* IndicatorView.swift */,
				8B6DB28E26DA5DF400E06EE9 /* MessageView.swift */,
				8B19338F2790ACCE0071C00C /* MemoryTest.swift */,
			);
			path = modul;
			sourceTree = "<group>";
		};
		8BD69CCC26DA8C5D008C5376 /* view */ = {
			isa = PBXGroup;
			children = (
				8B6DB27926D97D5A00E06EE9 /* Main.storyboard */,
				8B6DB28826D97DFC00E06EE9 /* IndicatorView.xib */,
				8B6DB28C26DA5AFA00E06EE9 /* Message.xib */,
			);
			path = view;
			sourceTree = "<group>";
		};
/* End PBXGroup section */

/* Begin PBXNativeTarget section */
		8B6DB26F26D97D5A00E06EE9 /* Indicator&Message */ = {
			isa = PBXNativeTarget;
			buildConfigurationList = 8B6DB28426D97D5F00E06EE9 /* Build configuration list for PBXNativeTarget "Indicator&Message" */;
			buildPhases = (
				8B6DB26C26D97D5A00E06EE9 /* Sources */,
				8B6DB26D26D97D5A00E06EE9 /* Frameworks */,
				8B6DB26E26D97D5A00E06EE9 /* Resources */,
			);
			buildRules = (
			);
			dependencies = (
			);
			name = "Indicator&Message";
			productName = "Indicator&Message";
			productReference = 8B6DB27026D97D5A00E06EE9 /* Indicator&Message.app */;
			productType = "com.apple.product-type.application";
		};
/* End PBXNativeTarget section */

/* Begin PBXProject section */
		8B6DB26826D97D5A00E06EE9 /* Project object */ = {
			isa = PBXProject;
			attributes = {
				LastSwiftUpdateCheck = 1250;
				LastUpgradeCheck = 1250;
				TargetAttributes = {
					8B6DB26F26D97D5A00E06EE9 = {
						CreatedOnToolsVersion = 12.5.1;
					};
				};
			};
			buildConfigurationList = 8B6DB26B26D97D5A00E06EE9 /* Build configuration list for PBXProject "Indicator&Message" */;
			compatibilityVersion = "Xcode 9.3";
			developmentRegion = en;
			hasScannedForEncodings = 0;
			knownRegions = (
				en,
				Base,
			);
			mainGroup = 8B6DB26726D97D5A00E06EE9;
			productRefGroup = 8B6DB27126D97D5A00E06EE9 /* Products */;
			projectDirPath = "";
			projectRoot = "";
			targets = (
				8B6DB26F26D97D5A00E06EE9 /* Indicator&Message */,
			);
		};
/* End PBXProject section */

/* Begin PBXResourcesBuildPhase section */
		8B6DB26E26D97D5A00E06EE9 /* Resources */ = {
			isa = PBXResourcesBuildPhase;
			buildActionMask = 2147483647;
			files = (
				8B6DB28026D97D5F00E06EE9 /* LaunchScreen.storyboard in Resources */,
				8B6DB27D26D97D5F00E06EE9 /* Assets.xcassets in Resources */,
				8B6DB28A26D97DFC00E06EE9 /* IndicatorView.xib in Resources */,
				8B6DB28D26DA5AFA00E06EE9 /* Message.xib in Resources */,
				8B6DB27B26D97D5A00E06EE9 /* Main.storyboard in Resources */,
			);
			runOnlyForDeploymentPostprocessing = 0;
		};
/* End PBXResourcesBuildPhase section */

/* Begin PBXSourcesBuildPhase section */
		8B6DB26C26D97D5A00E06EE9 /* Sources */ = {
			isa = PBXSourcesBuildPhase;
			buildActionMask = 2147483647;
			files = (
				8B6DB28F26DA5DF400E06EE9 /* MessageView.swift in Sources */,
				8B1933902790ACCE0071C00C /* MemoryTest.swift in Sources */,
				8B6DB27826D97D5A00E06EE9 /* ViewController.swift in Sources */,
				8B6DB27426D97D5A00E06EE9 /* AppDelegate.swift in Sources */,
				8B6DB28926D97DFC00E06EE9 /* IndicatorView.swift in Sources */,
			);
			runOnlyForDeploymentPostprocessing = 0;
		};
/* End PBXSourcesBuildPhase section */

/* Begin PBXVariantGroup section */
		8B6DB27926D97D5A00E06EE9 /* Main.storyboard */ = {
			isa = PBXVariantGroup;
			children = (
				8B6DB27A26D97D5A00E06EE9 /* Base */,
			);
			name = Main.storyboard;
			sourceTree = "<group>";
		};
		8B6DB27E26D97D5F00E06EE9 /* LaunchScreen.storyboard */ = {
			isa = PBXVariantGroup;
			children = (
				8B6DB27F26D97D5F00E06EE9 /* Base */,
			);
			name = LaunchScreen.storyboard;
			sourceTree = "<group>";
		};
/* End PBXVariantGroup section */

/* Begin XCBuildConfiguration section */
		8B6DB28226D97D5F00E06EE9 /* Debug */ = {
			isa = XCBuildConfiguration;
			buildSettings = {
				ALWAYS_SEARCH_USER_PATHS = NO;
				CLANG_ANALYZER_NONNULL = YES;
				CLANG_ANALYZER_NUMBER_OBJECT_CONVERSION = YES_AGGRESSIVE;
				CLANG_CXX_LANGUAGE_STANDARD = "gnu++14";
				CLANG_CXX_LIBRARY = "libc++";
				CLANG_ENABLE_MODULES = YES;
				CLANG_ENABLE_OBJC_ARC = YES;
				CLANG_ENABLE_OBJC_WEAK = YES;
				CLANG_WARN_BLOCK_CAPTURE_AUTORELEASING = YES;
				CLANG_WARN_BOOL_CONVERSION = YES;
				CLANG_WARN_COMMA = YES;
				CLANG_WARN_CONSTANT_CONVERSION = YES;
				CLANG_WARN_DEPRECATED_OBJC_IMPLEMENTATIONS = YES;
				CLANG_WARN_DIRECT_OBJC_ISA_USAGE = YES_ERROR;
				CLANG_WARN_DOCUMENTATION_COMMENTS = YES;
				CLANG_WARN_EMPTY_BODY = YES;
				CLANG_WARN_ENUM_CONVERSION = YES;
				CLANG_WARN_INFINITE_RECURSION = YES;
				CLANG_WARN_INT_CONVERSION = YES;
				CLANG_WARN_NON_LITERAL_NULL_CONVERSION = YES;
				CLANG_WARN_OBJC_IMPLICIT_RETAIN_SELF = YES;
				CLANG_WARN_OBJC_LITERAL_CONVERSION = YES;
				CLANG_WARN_OBJC_ROOT_CLASS = YES_ERROR;
				CLANG_WARN_QUOTED_INCLUDE_IN_FRAMEWORK_HEADER = YES;
				CLANG_WARN_RANGE_LOOP_ANALYSIS = YES;
				CLANG_WARN_STRICT_PROTOTYPES = YES;
				CLANG_WARN_SUSPICIOUS_MOVE = YES;
				CLANG_WARN_UNGUARDED_AVAILABILITY = YES_AGGRESSIVE;
				CLANG_WARN_UNREACHABLE_CODE = YES;
				CLANG_WARN__DUPLICATE_METHOD_MATCH = YES;
				COPY_PHASE_STRIP = NO;
				DEBUG_INFORMATION_FORMAT = dwarf;
				ENABLE_STRICT_OBJC_MSGSEND = YES;
				ENABLE_TESTABILITY = YES;
				GCC_C_LANGUAGE_STANDARD = gnu11;
				GCC_DYNAMIC_NO_PIC = NO;
				GCC_NO_COMMON_BLOCKS = YES;
				GCC_OPTIMIZATION_LEVEL = 0;
				GCC_PREPROCESSOR_DEFINITIONS = (
					"DEBUG=1",
					"$(inherited)",
				);
				GCC_WARN_64_TO_32_BIT_CONVERSION = YES;
				GCC_WARN_ABOUT_RETURN_TYPE = YES_ERROR;
				GCC_WARN_UNDECLARED_SELECTOR = YES;
				GCC_WARN_UNINITIALIZED_AUTOS = YES_AGGRESSIVE;
				GCC_WARN_UNUSED_FUNCTION = YES;
				GCC_WARN_UNUSED_VARIABLE = YES;
				IPHONEOS_DEPLOYMENT_TARGET = 14.5;
				MTL_ENABLE_DEBUG_INFO = INCLUDE_SOURCE;
				MTL_FAST_MATH = YES;
				ONLY_ACTIVE_ARCH = YES;
				SDKROOT = iphoneos;
				SWIFT_ACTIVE_COMPILATION_CONDITIONS = DEBUG;
				SWIFT_OPTIMIZATION_LEVEL = "-Onone";
			};
			name = Debug;
		};
		8B6DB28326D97D5F00E06EE9 /* Release */ = {
			isa = XCBuildConfiguration;
			buildSettings = {
				ALWAYS_SEARCH_USER_PATHS = NO;
				CLANG_ANALYZER_NONNULL = YES;
				CLANG_ANALYZER_NUMBER_OBJECT_CONVERSION = YES_AGGRESSIVE;
				CLANG_CXX_LANGUAGE_STANDARD = "gnu++14";
				CLANG_CXX_LIBRARY = "libc++";
				CLANG_ENABLE_MODULES = YES;
				CLANG_ENABLE_OBJC_ARC = YES;
				CLANG_ENABLE_OBJC_WEAK = YES;
				CLANG_WARN_BLOCK_CAPTURE_AUTORELEASING = YES;
				CLANG_WARN_BOOL_CONVERSION = YES;
				CLANG_WARN_COMMA = YES;
				CLANG_WARN_CONSTANT_CONVERSION = YES;
				CLANG_WARN_DEPRECATED_OBJC_IMPLEMENTATIONS = YES;
				CLANG_WARN_DIRECT_OBJC_ISA_USAGE = YES_ERROR;
				CLANG_WARN_DOCUMENTATION_COMMENTS = YES;
				CLANG_WARN_EMPTY_BODY = YES;
				CLANG_WARN_ENUM_CONVERSION = YES;
				CLANG_WARN_INFINITE_RECURSION = YES;
				CLANG_WARN_INT_CONVERSION = YES;
				CLANG_WARN_NON_LITERAL_NULL_CONVERSION = YES;
				CLANG_WARN_OBJC_IMPLICIT_RETAIN_SELF = YES;
				CLANG_WARN_OBJC_LITERAL_CONVERSION = YES;
				CLANG_WARN_OBJC_ROOT_CLASS = YES_ERROR;
				CLANG_WARN_QUOTED_INCLUDE_IN_FRAMEWORK_HEADER = YES;
				CLANG_WARN_RANGE_LOOP_ANALYSIS = YES;
				CLANG_WARN_STRICT_PROTOTYPES = YES;
				CLANG_WARN_SUSPICIOUS_MOVE = YES;
				CLANG_WARN_UNGUARDED_AVAILABILITY = YES_AGGRESSIVE;
				CLANG_WARN_UNREACHABLE_CODE = YES;
				CLANG_WARN__DUPLICATE_METHOD_MATCH = YES;
				COPY_PHASE_STRIP = NO;
				DEBUG_INFORMATION_FORMAT = "dwarf-with-dsym";
				ENABLE_NS_ASSERTIONS = NO;
				ENABLE_STRICT_OBJC_MSGSEND = YES;
				GCC_C_LANGUAGE_STANDARD = gnu11;
				GCC_NO_COMMON_BLOCKS = YES;
				GCC_WARN_64_TO_32_BIT_CONVERSION = YES;
				GCC_WARN_ABOUT_RETURN_TYPE = YES_ERROR;
				GCC_WARN_UNDECLARED_SELECTOR = YES;
				GCC_WARN_UNINITIALIZED_AUTOS = YES_AGGRESSIVE;
				GCC_WARN_UNUSED_FUNCTION = YES;
				GCC_WARN_UNUSED_VARIABLE = YES;
				IPHONEOS_DEPLOYMENT_TARGET = 14.5;
				MTL_ENABLE_DEBUG_INFO = NO;
				MTL_FAST_MATH = YES;
				SDKROOT = iphoneos;
				SWIFT_COMPILATION_MODE = wholemodule;
				SWIFT_OPTIMIZATION_LEVEL = "-O";
				VALIDATE_PRODUCT = YES;
			};
			name = Release;
		};
		8B6DB28526D97D5F00E06EE9 /* Debug */ = {
			isa = XCBuildConfiguration;
			buildSettings = {
				ASSETCATALOG_COMPILER_APPICON_NAME = AppIcon;
				ASSETCATALOG_COMPILER_GLOBAL_ACCENT_COLOR_NAME = AccentColor;
				CODE_SIGN_STYLE = Automatic;
				DEVELOPMENT_TEAM = FQA2XH9ZUM;
				INFOPLIST_FILE = "Indicator&Message/Info.plist";
				IPHONEOS_DEPLOYMENT_TARGET = 11.0;
				LD_RUNPATH_SEARCH_PATHS = (
					"$(inherited)",
					"@executable_path/Frameworks",
				);
				PRODUCT_BUNDLE_IDENTIFIER = "com.dovhiy.Indicator-Message";
				PRODUCT_NAME = "$(TARGET_NAME)";
				SWIFT_VERSION = 5.0;
				TARGETED_DEVICE_FAMILY = "1,2";
			};
			name = Debug;
		};
		8B6DB28626D97D5F00E06EE9 /* Release */ = {
			isa = XCBuildConfiguration;
			buildSettings = {
				ASSETCATALOG_COMPILER_APPICON_NAME = AppIcon;
				ASSETCATALOG_COMPILER_GLOBAL_ACCENT_COLOR_NAME = AccentColor;
				CODE_SIGN_STYLE = Automatic;
				DEVELOPMENT_TEAM = FQA2XH9ZUM;
				INFOPLIST_FILE = "Indicator&Message/Info.plist";
				IPHONEOS_DEPLOYMENT_TARGET = 11.0;
				LD_RUNPATH_SEARCH_PATHS = (
					"$(inherited)",
					"@executable_path/Frameworks",
				);
				PRODUCT_BUNDLE_IDENTIFIER = "com.dovhiy.Indicator-Message";
				PRODUCT_NAME = "$(TARGET_NAME)";
				SWIFT_VERSION = 5.0;
				TARGETED_DEVICE_FAMILY = "1,2";
			};
			name = Release;
		};
/* End XCBuildConfiguration section */

/* Begin XCConfigurationList section */
		8B6DB26B26D97D5A00E06EE9 /* Build configuration list for PBXProject "Indicator&Message" */ = {
			isa = XCConfigurationList;
			buildConfigurations = (
				8B6DB28226D97D5F00E06EE9 /* Debug */,
				8B6DB28326D97D5F00E06EE9 /* Release */,
			);
			defaultConfigurationIsVisible = 0;
			defaultConfigurationName = Release;
		};
		8B6DB28426D97D5F00E06EE9 /* Build configuration list for PBXNativeTarget "Indicator&Message" */ = {
			isa = XCConfigurationList;
			buildConfigurations = (
				8B6DB28526D97D5F00E06EE9 /* Debug */,
				8B6DB28626D97D5F00E06EE9 /* Release */,
			);
			defaultConfigurationIsVisible = 0;
			defaultConfigurationName = Release;
		};
/* End XCConfigurationList section */
	};
	rootObject = 8B6DB26826D97D5A00E06EE9 /* Project object */;
}
